
Microsoft Visual Studio Solution File, Format Version 12.00
# Visual Studio Version 17
VisualStudioVersion = 17.7.34031.279
MinimumVisualStudioVersion = 10.0.40219.1
Project("{9A19103F-16F7-4668-BE54-9A1E7A4F7556}") = "Gazi.HelloWorldApp", "Gazi.HelloWorldApp\Gazi.HelloWorldApp.csproj", "{F167E7D3-45F8-4279-BE49-46C9929E6938}"
EndProject
Project("{9A19103F-16F7-4668-BE54-9A1E7A4F7556}") = "ConsoleApp.KararYapilariApp", "ConsoleApp.KararYapilariApp\ConsoleApp.KararYapilariApp.csproj", "{6175088C-22DB-4CFA-8142-03F2D564349F}"
EndProject
Project("{FAE04EC0-301F-11D3-BF4B-00C04F79EFBC}") = "Gazi.DongulerApp", "Gazi.DongulerApp\Gazi.DongulerApp.csproj", "{8FF95326-ED29-42C2-B8CD-AF41C3F441D8}"
EndProject
Global
	GlobalSection(SolutionConfigurationPlatforms) = preSolution
		Debug|Any CPU = Debug|Any CPU
		Release|Any CPU = Release|Any CPU
	EndGlobalSection
	GlobalSection(ProjectConfigurationPlatforms) = postSolution
		{F167E7D3-45F8-4279-BE49-46C9929E6938}.Debug|Any CPU.ActiveCfg = Debug|Any CPU
		{F167E7D3-45F8-4279-BE49-46C9929E6938}.Debug|Any CPU.Build.0 = Debug|Any CPU
		{F167E7D3-45F8-4279-BE49-46C9929E6938}.Release|Any CPU.ActiveCfg = Release|Any CPU
		{F167E7D3-45F8-4279-BE49-46C9929E6938}.Release|Any CPU.Build.0 = Release|Any CPU
		{6175088C-22DB-4CFA-8142-03F2D564349F}.Debug|Any CPU.ActiveCfg = Debug|Any CPU
		{6175088C-22DB-4CFA-8142-03F2D564349F}.Debug|Any CPU.Build.0 = Debug|Any CPU
		{6175088C-22DB-4CFA-8142-03F2D564349F}.Release|Any CPU.ActiveCfg = Release|Any CPU
		{6175088C-22DB-4CFA-8142-03F2D564349F}.Release|Any CPU.Build.0 = Release|Any CPU
		{8FF95326-ED29-42C2-B8CD-AF41C3F441D8}.Debug|Any CPU.ActiveCfg = Debug|Any CPU
		{8FF95326-ED29-42C2-B8CD-AF41C3F441D8}.Debug|Any CPU.Build.0 = Debug|Any CPU
		{8FF95326-ED29-42C2-B8CD-AF41C3F441D8}.Release|Any CPU.ActiveCfg = Release|Any CPU
		{8FF95326-ED29-42C2-B8CD-AF41C3F441D8}.Release|Any CPU.Build.0 = Release|Any CPU
	EndGlobalSection
	GlobalSection(SolutionProperties) = preSolution
		HideSolutionNode = FALSE
	EndGlobalSection
	GlobalSection(ExtensibilityGlobals) = postSolution
		SolutionGuid = {1EBAF856-85E5-4F8B-B4CB-1AE71771DCA8}
	EndGlobalSection
EndGlobal
